// !$*UTF8*$!
{
	archiveVersion = 1;
	classes = {
	};
	objectVersion = 50;
	objects = {

/* Begin PBXBuildFile section */
		3344F28124CACE1800D79B7B /* Settings.bundle in Resources */ = {isa = PBXBuildFile; fileRef = 3344F28024CACE1800D79B7B /* Settings.bundle */; };
		3357AD4F24CEFAF6003B9A05 /* Conversions.swift in Sources */ = {isa = PBXBuildFile; fileRef = 3357AD4E24CEFAF6003B9A05 /* Conversions.swift */; };
		3357AD5124CF627E003B9A05 /* TimerButton.swift in Sources */ = {isa = PBXBuildFile; fileRef = 3357AD5024CF627E003B9A05 /* TimerButton.swift */; };
		33A83AEB244B69DC007760CD /* TrackStatusFormatting.swift in Sources */ = {isa = PBXBuildFile; fileRef = 33A83AEA244B69DC007760CD /* TrackStatusFormatting.swift */; };
		33B4899824CBD72E00821EB1 /* Validations.swift in Sources */ = {isa = PBXBuildFile; fileRef = 33B4899724CBD72E00821EB1 /* Validations.swift */; };
		33B4899B24CC10DC00821EB1 /* ValidationsTest.swift in Sources */ = {isa = PBXBuildFile; fileRef = 33B4899A24CC10DC00821EB1 /* ValidationsTest.swift */; };
		33B489A424CE56DB00821EB1 /* TrackStatusViewController.swift in Sources */ = {isa = PBXBuildFile; fileRef = 33B489A324CE56DB00821EB1 /* TrackStatusViewController.swift */; };
		33B489A624CE649B00821EB1 /* RecordButtonViewController.swift in Sources */ = {isa = PBXBuildFile; fileRef = 33B489A524CE649B00821EB1 /* RecordButtonViewController.swift */; };
		33B489A824CE766C00821EB1 /* RecordNameViewController.swift in Sources */ = {isa = PBXBuildFile; fileRef = 33B489A724CE766C00821EB1 /* RecordNameViewController.swift */; };
		33B489AA24CEBB4900821EB1 /* SettingsWrapper.swift in Sources */ = {isa = PBXBuildFile; fileRef = 33B489A924CEBB4900821EB1 /* SettingsWrapper.swift */; };
		33B489AD24CEDED400821EB1 /* SettingsCell.swift in Sources */ = {isa = PBXBuildFile; fileRef = 33B489AC24CEDED400821EB1 /* SettingsCell.swift */; };
		33B6E1B122F905B9004ABC73 /* EditTextViewController.swift in Sources */ = {isa = PBXBuildFile; fileRef = 33B6E1B022F905B9004ABC73 /* EditTextViewController.swift */; };
		33B6E1B522FF3771004ABC73 /* UITextFieldExtension.swift in Sources */ = {isa = PBXBuildFile; fileRef = 33B6E1B422FF3771004ABC73 /* UITextFieldExtension.swift */; };
		33B6E20F2302CB88004ABC73 /* JsonStreamWriter.swift in Sources */ = {isa = PBXBuildFile; fileRef = 33B6E20E2302CB88004ABC73 /* JsonStreamWriter.swift */; };
		33B6E2122302F23E004ABC73 /* JsonSchemas.swift in Sources */ = {isa = PBXBuildFile; fileRef = 33B6E2112302F23E004ABC73 /* JsonSchemas.swift */; };
		33B6E2152303074F004ABC73 /* JsonStreamWriterTest.swift in Sources */ = {isa = PBXBuildFile; fileRef = 33B6E2142303074F004ABC73 /* JsonStreamWriterTest.swift */; };
		33B6E21723031975004ABC73 /* JsonTestValues.swift in Sources */ = {isa = PBXBuildFile; fileRef = 33B6E21623031975004ABC73 /* JsonTestValues.swift */; };
		33BA36F122F115D000A44EFF /* SceneRecorder.swift in Sources */ = {isa = PBXBuildFile; fileRef = 33BA36F022F115D000A44EFF /* SceneRecorder.swift */; };
		33BA36F322F6D06900A44EFF /* SceneDataRecorder.swift in Sources */ = {isa = PBXBuildFile; fileRef = 33BA36F222F6D06900A44EFF /* SceneDataRecorder.swift */; };
		33BA36F522F6D1BB00A44EFF /* SceneAudioRecorderDecorator.swift in Sources */ = {isa = PBXBuildFile; fileRef = 33BA36F422F6D1BB00A44EFF /* SceneAudioRecorderDecorator.swift */; };
		33E01A8624BDC1D0004EB73F /* SettingsViewController.swift in Sources */ = {isa = PBXBuildFile; fileRef = 33E01A8524BDC1D0004EB73F /* SettingsViewController.swift */; };
		33E01A8824BE0510004EB73F /* PersistentData.swift in Sources */ = {isa = PBXBuildFile; fileRef = 33E01A8724BE0510004EB73F /* PersistentData.swift */; };
		33E01A8A24BE44B1004EB73F /* Config.plist in Resources */ = {isa = PBXBuildFile; fileRef = 33E01A8924BE44B1004EB73F /* Config.plist */; };
		33E01A8C24BE4701004EB73F /* ConfigWrapper.swift in Sources */ = {isa = PBXBuildFile; fileRef = 33E01A8B24BE4701004EB73F /* ConfigWrapper.swift */; };
		33EA48CF22CB4372001AD43C /* AppDelegate.swift in Sources */ = {isa = PBXBuildFile; fileRef = 33EA48CE22CB4372001AD43C /* AppDelegate.swift */; };
		33EA48D322CB4372001AD43C /* MainViewController.swift in Sources */ = {isa = PBXBuildFile; fileRef = 33EA48D222CB4372001AD43C /* MainViewController.swift */; };
		33EA48D622CB4372001AD43C /* Main.storyboard in Resources */ = {isa = PBXBuildFile; fileRef = 33EA48D422CB4372001AD43C /* Main.storyboard */; };
		33EA48D822CB4373001AD43C /* Assets.xcassets in Resources */ = {isa = PBXBuildFile; fileRef = 33EA48D722CB4373001AD43C /* Assets.xcassets */; };
		33EA48DB22CB4373001AD43C /* LaunchScreen.storyboard in Resources */ = {isa = PBXBuildFile; fileRef = 33EA48D922CB4373001AD43C /* LaunchScreen.storyboard */; };
		33EA48E622CB4374001AD43C /* Camera_Tracker_RecorderTests.swift in Sources */ = {isa = PBXBuildFile; fileRef = 33EA48E522CB4374001AD43C /* Camera_Tracker_RecorderTests.swift */; };
		33EA48F122CB4374001AD43C /* Camera_Tracker_RecorderUITests.swift in Sources */ = {isa = PBXBuildFile; fileRef = 33EA48F022CB4374001AD43C /* Camera_Tracker_RecorderUITests.swift */; };
/* End PBXBuildFile section */

/* Begin PBXContainerItemProxy section */
		33EA48E222CB4374001AD43C /* PBXContainerItemProxy */ = {
			isa = PBXContainerItemProxy;
			containerPortal = 33EA48C322CB4372001AD43C /* Project object */;
			proxyType = 1;
			remoteGlobalIDString = 33EA48CA22CB4372001AD43C;
			remoteInfo = "Camera Tracker Recorder";
		};
		33EA48ED22CB4374001AD43C /* PBXContainerItemProxy */ = {
			isa = PBXContainerItemProxy;
			containerPortal = 33EA48C322CB4372001AD43C /* Project object */;
			proxyType = 1;
			remoteGlobalIDString = 33EA48CA22CB4372001AD43C;
			remoteInfo = "Camera Tracker Recorder";
		};
/* End PBXContainerItemProxy section */

/* Begin PBXFileReference section */
		3344F28024CACE1800D79B7B /* Settings.bundle */ = {isa = PBXFileReference; lastKnownFileType = "wrapper.plug-in"; path = Settings.bundle; sourceTree = "<group>"; };
		3357AD4E24CEFAF6003B9A05 /* Conversions.swift */ = {isa = PBXFileReference; lastKnownFileType = sourcecode.swift; path = Conversions.swift; sourceTree = "<group>"; };
		3357AD5024CF627E003B9A05 /* TimerButton.swift */ = {isa = PBXFileReference; lastKnownFileType = sourcecode.swift; path = TimerButton.swift; sourceTree = "<group>"; };
		33A83AEA244B69DC007760CD /* TrackStatusFormatting.swift */ = {isa = PBXFileReference; lastKnownFileType = sourcecode.swift; path = TrackStatusFormatting.swift; sourceTree = "<group>"; };
		33B4899724CBD72E00821EB1 /* Validations.swift */ = {isa = PBXFileReference; lastKnownFileType = sourcecode.swift; path = Validations.swift; sourceTree = "<group>"; };
		33B4899A24CC10DC00821EB1 /* ValidationsTest.swift */ = {isa = PBXFileReference; lastKnownFileType = sourcecode.swift; path = ValidationsTest.swift; sourceTree = "<group>"; };
		33B489A324CE56DB00821EB1 /* TrackStatusViewController.swift */ = {isa = PBXFileReference; lastKnownFileType = sourcecode.swift; path = TrackStatusViewController.swift; sourceTree = "<group>"; };
		33B489A524CE649B00821EB1 /* RecordButtonViewController.swift */ = {isa = PBXFileReference; lastKnownFileType = sourcecode.swift; path = RecordButtonViewController.swift; sourceTree = "<group>"; };
		33B489A724CE766C00821EB1 /* RecordNameViewController.swift */ = {isa = PBXFileReference; lastKnownFileType = sourcecode.swift; path = RecordNameViewController.swift; sourceTree = "<group>"; };
		33B489A924CEBB4900821EB1 /* SettingsWrapper.swift */ = {isa = PBXFileReference; lastKnownFileType = sourcecode.swift; path = SettingsWrapper.swift; sourceTree = "<group>"; };
		33B489AC24CEDED400821EB1 /* SettingsCell.swift */ = {isa = PBXFileReference; lastKnownFileType = sourcecode.swift; path = SettingsCell.swift; sourceTree = "<group>"; };
		33B6E1B022F905B9004ABC73 /* EditTextViewController.swift */ = {isa = PBXFileReference; lastKnownFileType = sourcecode.swift; path = EditTextViewController.swift; sourceTree = "<group>"; };
		33B6E1B422FF3771004ABC73 /* UITextFieldExtension.swift */ = {isa = PBXFileReference; lastKnownFileType = sourcecode.swift; path = UITextFieldExtension.swift; sourceTree = "<group>"; };
		33B6E20E2302CB88004ABC73 /* JsonStreamWriter.swift */ = {isa = PBXFileReference; lastKnownFileType = sourcecode.swift; path = JsonStreamWriter.swift; sourceTree = "<group>"; };
		33B6E2112302F23E004ABC73 /* JsonSchemas.swift */ = {isa = PBXFileReference; lastKnownFileType = sourcecode.swift; path = JsonSchemas.swift; sourceTree = "<group>"; };
		33B6E2142303074F004ABC73 /* JsonStreamWriterTest.swift */ = {isa = PBXFileReference; lastKnownFileType = sourcecode.swift; path = JsonStreamWriterTest.swift; sourceTree = "<group>"; };
		33B6E21623031975004ABC73 /* JsonTestValues.swift */ = {isa = PBXFileReference; lastKnownFileType = sourcecode.swift; path = JsonTestValues.swift; sourceTree = "<group>"; };
		33BA36F022F115D000A44EFF /* SceneRecorder.swift */ = {isa = PBXFileReference; lastKnownFileType = sourcecode.swift; path = SceneRecorder.swift; sourceTree = "<group>"; };
		33BA36F222F6D06900A44EFF /* SceneDataRecorder.swift */ = {isa = PBXFileReference; lastKnownFileType = sourcecode.swift; path = SceneDataRecorder.swift; sourceTree = "<group>"; };
		33BA36F422F6D1BB00A44EFF /* SceneAudioRecorderDecorator.swift */ = {isa = PBXFileReference; lastKnownFileType = sourcecode.swift; path = SceneAudioRecorderDecorator.swift; sourceTree = "<group>"; };
		33E01A8524BDC1D0004EB73F /* SettingsViewController.swift */ = {isa = PBXFileReference; lastKnownFileType = sourcecode.swift; path = SettingsViewController.swift; sourceTree = "<group>"; };
		33E01A8724BE0510004EB73F /* PersistentData.swift */ = {isa = PBXFileReference; lastKnownFileType = sourcecode.swift; path = PersistentData.swift; sourceTree = "<group>"; };
		33E01A8924BE44B1004EB73F /* Config.plist */ = {isa = PBXFileReference; lastKnownFileType = text.plist.xml; path = Config.plist; sourceTree = "<group>"; };
		33E01A8B24BE4701004EB73F /* ConfigWrapper.swift */ = {isa = PBXFileReference; lastKnownFileType = sourcecode.swift; path = ConfigWrapper.swift; sourceTree = "<group>"; };
		33EA48CB22CB4372001AD43C /* Cam Track Rec.app */ = {isa = PBXFileReference; explicitFileType = wrapper.application; includeInIndex = 0; path = "Cam Track Rec.app"; sourceTree = BUILT_PRODUCTS_DIR; };
		33EA48CE22CB4372001AD43C /* AppDelegate.swift */ = {isa = PBXFileReference; lastKnownFileType = sourcecode.swift; path = AppDelegate.swift; sourceTree = "<group>"; };
		33EA48D222CB4372001AD43C /* MainViewController.swift */ = {isa = PBXFileReference; lastKnownFileType = sourcecode.swift; path = MainViewController.swift; sourceTree = "<group>"; };
		33EA48D522CB4372001AD43C /* Base */ = {isa = PBXFileReference; lastKnownFileType = file.storyboard; name = Base; path = Base.lproj/Main.storyboard; sourceTree = "<group>"; };
		33EA48D722CB4373001AD43C /* Assets.xcassets */ = {isa = PBXFileReference; lastKnownFileType = folder.assetcatalog; path = Assets.xcassets; sourceTree = "<group>"; };
		33EA48DA22CB4373001AD43C /* Base */ = {isa = PBXFileReference; lastKnownFileType = file.storyboard; name = Base; path = Base.lproj/LaunchScreen.storyboard; sourceTree = "<group>"; };
		33EA48DC22CB4373001AD43C /* Info.plist */ = {isa = PBXFileReference; lastKnownFileType = text.plist.xml; path = Info.plist; sourceTree = "<group>"; };
		33EA48E122CB4374001AD43C /* Camera Tracker RecorderTests.xctest */ = {isa = PBXFileReference; explicitFileType = wrapper.cfbundle; includeInIndex = 0; path = "Camera Tracker RecorderTests.xctest"; sourceTree = BUILT_PRODUCTS_DIR; };
		33EA48E522CB4374001AD43C /* Camera_Tracker_RecorderTests.swift */ = {isa = PBXFileReference; lastKnownFileType = sourcecode.swift; path = Camera_Tracker_RecorderTests.swift; sourceTree = "<group>"; };
		33EA48E722CB4374001AD43C /* Info.plist */ = {isa = PBXFileReference; lastKnownFileType = text.plist.xml; path = Info.plist; sourceTree = "<group>"; };
		33EA48EC22CB4374001AD43C /* Camera Tracker RecorderUITests.xctest */ = {isa = PBXFileReference; explicitFileType = wrapper.cfbundle; includeInIndex = 0; path = "Camera Tracker RecorderUITests.xctest"; sourceTree = BUILT_PRODUCTS_DIR; };
		33EA48F022CB4374001AD43C /* Camera_Tracker_RecorderUITests.swift */ = {isa = PBXFileReference; lastKnownFileType = sourcecode.swift; path = Camera_Tracker_RecorderUITests.swift; sourceTree = "<group>"; };
		33EA48F222CB4374001AD43C /* Info.plist */ = {isa = PBXFileReference; lastKnownFileType = text.plist.xml; path = Info.plist; sourceTree = "<group>"; };
/* End PBXFileReference section */

/* Begin PBXFrameworksBuildPhase section */
		33EA48C822CB4372001AD43C /* Frameworks */ = {
			isa = PBXFrameworksBuildPhase;
			buildActionMask = 2147483647;
			files = (
			);
			runOnlyForDeploymentPostprocessing = 0;
		};
		33EA48DE22CB4374001AD43C /* Frameworks */ = {
			isa = PBXFrameworksBuildPhase;
			buildActionMask = 2147483647;
			files = (
			);
			runOnlyForDeploymentPostprocessing = 0;
		};
		33EA48E922CB4374001AD43C /* Frameworks */ = {
			isa = PBXFrameworksBuildPhase;
			buildActionMask = 2147483647;
			files = (
			);
			runOnlyForDeploymentPostprocessing = 0;
		};
/* End PBXFrameworksBuildPhase section */

/* Begin PBXGroup section */
		3307A7D624CAC99500FAB03C /* resources */ = {
			isa = PBXGroup;
			children = (
				33EA48D422CB4372001AD43C /* Main.storyboard */,
				33EA48D722CB4373001AD43C /* Assets.xcassets */,
				33EA48D922CB4373001AD43C /* LaunchScreen.storyboard */,
				33E01A8924BE44B1004EB73F /* Config.plist */,
				3344F28024CACE1800D79B7B /* Settings.bundle */,
			);
			path = resources;
			sourceTree = "<group>";
		};
		330F4E6D2305CCB3009A767E /* utilities */ = {
			isa = PBXGroup;
			children = (
				33B6E1B422FF3771004ABC73 /* UITextFieldExtension.swift */,
				33A83AEA244B69DC007760CD /* TrackStatusFormatting.swift */,
				33E01A8B24BE4701004EB73F /* ConfigWrapper.swift */,
				33B4899724CBD72E00821EB1 /* Validations.swift */,
				33B489A924CEBB4900821EB1 /* SettingsWrapper.swift */,
				3357AD4E24CEFAF6003B9A05 /* Conversions.swift */,
				3357AD5024CF627E003B9A05 /* TimerButton.swift */,
			);
			path = utilities;
			sourceTree = "<group>";
		};
		33B4899924CC10B800821EB1 /* utilities */ = {
			isa = PBXGroup;
			children = (
				33B4899A24CC10DC00821EB1 /* ValidationsTest.swift */,
			);
			path = utilities;
			sourceTree = "<group>";
		};
		33B489AB24CEDEAE00821EB1 /* settings */ = {
			isa = PBXGroup;
			children = (
				33E01A8524BDC1D0004EB73F /* SettingsViewController.swift */,
				33B489AC24CEDED400821EB1 /* SettingsCell.swift */,
			);
			path = settings;
			sourceTree = "<group>";
		};
		33B6E20C2302CA2C004ABC73 /* recorder */ = {
			isa = PBXGroup;
			children = (
				33BA36F022F115D000A44EFF /* SceneRecorder.swift */,
				33BA36F222F6D06900A44EFF /* SceneDataRecorder.swift */,
				33BA36F422F6D1BB00A44EFF /* SceneAudioRecorderDecorator.swift */,
				33B6E20E2302CB88004ABC73 /* JsonStreamWriter.swift */,
			);
			path = recorder;
			sourceTree = "<group>";
		};
		33B6E20D2302CA67004ABC73 /* controllers */ = {
			isa = PBXGroup;
			children = (
				33B489AB24CEDEAE00821EB1 /* settings */,
				33EA48D222CB4372001AD43C /* MainViewController.swift */,
				33B6E1B022F905B9004ABC73 /* EditTextViewController.swift */,
				33B489A324CE56DB00821EB1 /* TrackStatusViewController.swift */,
				33B489A524CE649B00821EB1 /* RecordButtonViewController.swift */,
				33B489A724CE766C00821EB1 /* RecordNameViewController.swift */,
			);
			path = controllers;
			sourceTree = "<group>";
		};
		33B6E2102302F218004ABC73 /* model */ = {
			isa = PBXGroup;
			children = (
				33B6E2112302F23E004ABC73 /* JsonSchemas.swift */,
				33E01A8724BE0510004EB73F /* PersistentData.swift */,
			);
			path = model;
			sourceTree = "<group>";
		};
		33B6E2132303070F004ABC73 /* recorder */ = {
			isa = PBXGroup;
			children = (
				33B6E2142303074F004ABC73 /* JsonStreamWriterTest.swift */,
				33B6E21623031975004ABC73 /* JsonTestValues.swift */,
			);
			path = recorder;
			sourceTree = "<group>";
		};
		33EA48C222CB4372001AD43C = {
			isa = PBXGroup;
			children = (
				33EA48CD22CB4372001AD43C /* Camera Tracker Recorder */,
				33EA48E422CB4374001AD43C /* Camera Tracker RecorderTests */,
				33EA48EF22CB4374001AD43C /* Camera Tracker RecorderUITests */,
				33EA48CC22CB4372001AD43C /* Products */,
			);
			sourceTree = "<group>";
		};
		33EA48CC22CB4372001AD43C /* Products */ = {
			isa = PBXGroup;
			children = (
				33EA48CB22CB4372001AD43C /* Cam Track Rec.app */,
				33EA48E122CB4374001AD43C /* Camera Tracker RecorderTests.xctest */,
				33EA48EC22CB4374001AD43C /* Camera Tracker RecorderUITests.xctest */,
			);
			name = Products;
			sourceTree = "<group>";
		};
		33EA48CD22CB4372001AD43C /* Camera Tracker Recorder */ = {
			isa = PBXGroup;
			children = (
				33EA48DC22CB4373001AD43C /* Info.plist */,
				3307A7D624CAC99500FAB03C /* resources */,
				330F4E6D2305CCB3009A767E /* utilities */,
				33B6E2102302F218004ABC73 /* model */,
				33B6E20D2302CA67004ABC73 /* controllers */,
				33B6E20C2302CA2C004ABC73 /* recorder */,
				33EA48CE22CB4372001AD43C /* AppDelegate.swift */,
			);
			path = "Camera Tracker Recorder";
			sourceTree = "<group>";
		};
		33EA48E422CB4374001AD43C /* Camera Tracker RecorderTests */ = {
			isa = PBXGroup;
			children = (
				33B4899924CC10B800821EB1 /* utilities */,
				33B6E2132303070F004ABC73 /* recorder */,
				33EA48E522CB4374001AD43C /* Camera_Tracker_RecorderTests.swift */,
				33EA48E722CB4374001AD43C /* Info.plist */,
			);
			path = "Camera Tracker RecorderTests";
			sourceTree = "<group>";
		};
		33EA48EF22CB4374001AD43C /* Camera Tracker RecorderUITests */ = {
			isa = PBXGroup;
			children = (
				33EA48F022CB4374001AD43C /* Camera_Tracker_RecorderUITests.swift */,
				33EA48F222CB4374001AD43C /* Info.plist */,
			);
			path = "Camera Tracker RecorderUITests";
			sourceTree = "<group>";
		};
/* End PBXGroup section */

/* Begin PBXNativeTarget section */
		33EA48CA22CB4372001AD43C /* Camera Tracker Recorder */ = {
			isa = PBXNativeTarget;
			buildConfigurationList = 33EA48F522CB4374001AD43C /* Build configuration list for PBXNativeTarget "Camera Tracker Recorder" */;
			buildPhases = (
				33EA48C722CB4372001AD43C /* Sources */,
				33EA48C822CB4372001AD43C /* Frameworks */,
				33EA48C922CB4372001AD43C /* Resources */,
			);
			buildRules = (
			);
			dependencies = (
			);
			name = "Camera Tracker Recorder";
			productName = "Camera Tracker Recorder";
			productReference = 33EA48CB22CB4372001AD43C /* Cam Track Rec.app */;
			productType = "com.apple.product-type.application";
		};
		33EA48E022CB4374001AD43C /* Camera Tracker RecorderTests */ = {
			isa = PBXNativeTarget;
			buildConfigurationList = 33EA48F822CB4374001AD43C /* Build configuration list for PBXNativeTarget "Camera Tracker RecorderTests" */;
			buildPhases = (
				33EA48DD22CB4374001AD43C /* Sources */,
				33EA48DE22CB4374001AD43C /* Frameworks */,
				33EA48DF22CB4374001AD43C /* Resources */,
			);
			buildRules = (
			);
			dependencies = (
				33EA48E322CB4374001AD43C /* PBXTargetDependency */,
			);
			name = "Camera Tracker RecorderTests";
			productName = "Camera Tracker RecorderTests";
			productReference = 33EA48E122CB4374001AD43C /* Camera Tracker RecorderTests.xctest */;
			productType = "com.apple.product-type.bundle.unit-test";
		};
		33EA48EB22CB4374001AD43C /* Camera Tracker RecorderUITests */ = {
			isa = PBXNativeTarget;
			buildConfigurationList = 33EA48FB22CB4374001AD43C /* Build configuration list for PBXNativeTarget "Camera Tracker RecorderUITests" */;
			buildPhases = (
				33EA48E822CB4374001AD43C /* Sources */,
				33EA48E922CB4374001AD43C /* Frameworks */,
				33EA48EA22CB4374001AD43C /* Resources */,
			);
			buildRules = (
			);
			dependencies = (
				33EA48EE22CB4374001AD43C /* PBXTargetDependency */,
			);
			name = "Camera Tracker RecorderUITests";
			productName = "Camera Tracker RecorderUITests";
			productReference = 33EA48EC22CB4374001AD43C /* Camera Tracker RecorderUITests.xctest */;
			productType = "com.apple.product-type.bundle.ui-testing";
		};
/* End PBXNativeTarget section */

/* Begin PBXProject section */
		33EA48C322CB4372001AD43C /* Project object */ = {
			isa = PBXProject;
			attributes = {
				LastSwiftUpdateCheck = 1020;
				LastUpgradeCheck = 1020;
				ORGANIZATIONNAME = "Michael Levesque";
				TargetAttributes = {
					33EA48CA22CB4372001AD43C = {
						CreatedOnToolsVersion = 10.2.1;
					};
					33EA48E022CB4374001AD43C = {
						CreatedOnToolsVersion = 10.2.1;
						TestTargetID = 33EA48CA22CB4372001AD43C;
					};
					33EA48EB22CB4374001AD43C = {
						CreatedOnToolsVersion = 10.2.1;
						TestTargetID = 33EA48CA22CB4372001AD43C;
					};
				};
			};
			buildConfigurationList = 33EA48C622CB4372001AD43C /* Build configuration list for PBXProject "Camera Tracker Recorder" */;
			compatibilityVersion = "Xcode 9.3";
			developmentRegion = en;
			hasScannedForEncodings = 0;
			knownRegions = (
				en,
				Base,
			);
			mainGroup = 33EA48C222CB4372001AD43C;
			productRefGroup = 33EA48CC22CB4372001AD43C /* Products */;
			projectDirPath = "";
			projectRoot = "";
			targets = (
				33EA48CA22CB4372001AD43C /* Camera Tracker Recorder */,
				33EA48E022CB4374001AD43C /* Camera Tracker RecorderTests */,
				33EA48EB22CB4374001AD43C /* Camera Tracker RecorderUITests */,
			);
		};
/* End PBXProject section */

/* Begin PBXResourcesBuildPhase section */
		33EA48C922CB4372001AD43C /* Resources */ = {
			isa = PBXResourcesBuildPhase;
			buildActionMask = 2147483647;
			files = (
				33E01A8A24BE44B1004EB73F /* Config.plist in Resources */,
				33EA48DB22CB4373001AD43C /* LaunchScreen.storyboard in Resources */,
				3344F28124CACE1800D79B7B /* Settings.bundle in Resources */,
				33EA48D822CB4373001AD43C /* Assets.xcassets in Resources */,
				33EA48D622CB4372001AD43C /* Main.storyboard in Resources */,
			);
			runOnlyForDeploymentPostprocessing = 0;
		};
		33EA48DF22CB4374001AD43C /* Resources */ = {
			isa = PBXResourcesBuildPhase;
			buildActionMask = 2147483647;
			files = (
			);
			runOnlyForDeploymentPostprocessing = 0;
		};
		33EA48EA22CB4374001AD43C /* Resources */ = {
			isa = PBXResourcesBuildPhase;
			buildActionMask = 2147483647;
			files = (
			);
			runOnlyForDeploymentPostprocessing = 0;
		};
/* End PBXResourcesBuildPhase section */

/* Begin PBXSourcesBuildPhase section */
		33EA48C722CB4372001AD43C /* Sources */ = {
			isa = PBXSourcesBuildPhase;
			buildActionMask = 2147483647;
			files = (
				33B6E1B522FF3771004ABC73 /* UITextFieldExtension.swift in Sources */,
				33A83AEB244B69DC007760CD /* TrackStatusFormatting.swift in Sources */,
				33BA36F322F6D06900A44EFF /* SceneDataRecorder.swift in Sources */,
				33B6E1B122F905B9004ABC73 /* EditTextViewController.swift in Sources */,
				33B489AA24CEBB4900821EB1 /* SettingsWrapper.swift in Sources */,
				3357AD4F24CEFAF6003B9A05 /* Conversions.swift in Sources */,
				33B489AD24CEDED400821EB1 /* SettingsCell.swift in Sources */,
				33B6E20F2302CB88004ABC73 /* JsonStreamWriter.swift in Sources */,
				33EA48D322CB4372001AD43C /* MainViewController.swift in Sources */,
				33B489A424CE56DB00821EB1 /* TrackStatusViewController.swift in Sources */,
				33B4899824CBD72E00821EB1 /* Validations.swift in Sources */,
				33E01A8824BE0510004EB73F /* PersistentData.swift in Sources */,
				33B6E2122302F23E004ABC73 /* JsonSchemas.swift in Sources */,
				33B489A624CE649B00821EB1 /* RecordButtonViewController.swift in Sources */,
				33B489A824CE766C00821EB1 /* RecordNameViewController.swift in Sources */,
				33EA48CF22CB4372001AD43C /* AppDelegate.swift in Sources */,
				33BA36F522F6D1BB00A44EFF /* SceneAudioRecorderDecorator.swift in Sources */,
				33E01A8C24BE4701004EB73F /* ConfigWrapper.swift in Sources */,
				3357AD5124CF627E003B9A05 /* TimerButton.swift in Sources */,
				33BA36F122F115D000A44EFF /* SceneRecorder.swift in Sources */,
				33E01A8624BDC1D0004EB73F /* SettingsViewController.swift in Sources */,
			);
			runOnlyForDeploymentPostprocessing = 0;
		};
		33EA48DD22CB4374001AD43C /* Sources */ = {
			isa = PBXSourcesBuildPhase;
			buildActionMask = 2147483647;
			files = (
				33B6E2152303074F004ABC73 /* JsonStreamWriterTest.swift in Sources */,
				33EA48E622CB4374001AD43C /* Camera_Tracker_RecorderTests.swift in Sources */,
				33B4899B24CC10DC00821EB1 /* ValidationsTest.swift in Sources */,
				33B6E21723031975004ABC73 /* JsonTestValues.swift in Sources */,
			);
			runOnlyForDeploymentPostprocessing = 0;
		};
		33EA48E822CB4374001AD43C /* Sources */ = {
			isa = PBXSourcesBuildPhase;
			buildActionMask = 2147483647;
			files = (
				33EA48F122CB4374001AD43C /* Camera_Tracker_RecorderUITests.swift in Sources */,
			);
			runOnlyForDeploymentPostprocessing = 0;
		};
/* End PBXSourcesBuildPhase section */

/* Begin PBXTargetDependency section */
		33EA48E322CB4374001AD43C /* PBXTargetDependency */ = {
			isa = PBXTargetDependency;
			target = 33EA48CA22CB4372001AD43C /* Camera Tracker Recorder */;
			targetProxy = 33EA48E222CB4374001AD43C /* PBXContainerItemProxy */;
		};
		33EA48EE22CB4374001AD43C /* PBXTargetDependency */ = {
			isa = PBXTargetDependency;
			target = 33EA48CA22CB4372001AD43C /* Camera Tracker Recorder */;
			targetProxy = 33EA48ED22CB4374001AD43C /* PBXContainerItemProxy */;
		};
/* End PBXTargetDependency section */

/* Begin PBXVariantGroup section */
		33EA48D422CB4372001AD43C /* Main.storyboard */ = {
			isa = PBXVariantGroup;
			children = (
				33EA48D522CB4372001AD43C /* Base */,
			);
			name = Main.storyboard;
			sourceTree = "<group>";
		};
		33EA48D922CB4373001AD43C /* LaunchScreen.storyboard */ = {
			isa = PBXVariantGroup;
			children = (
				33EA48DA22CB4373001AD43C /* Base */,
			);
			name = LaunchScreen.storyboard;
			sourceTree = "<group>";
		};
/* End PBXVariantGroup section */

/* Begin XCBuildConfiguration section */
		33EA48F322CB4374001AD43C /* Debug */ = {
			isa = XCBuildConfiguration;
			buildSettings = {
				ALWAYS_SEARCH_USER_PATHS = NO;
				CLANG_ANALYZER_NONNULL = YES;
				CLANG_ANALYZER_NUMBER_OBJECT_CONVERSION = YES_AGGRESSIVE;
				CLANG_CXX_LANGUAGE_STANDARD = "gnu++14";
				CLANG_CXX_LIBRARY = "libc++";
				CLANG_ENABLE_MODULES = YES;
				CLANG_ENABLE_OBJC_ARC = YES;
				CLANG_ENABLE_OBJC_WEAK = YES;
				CLANG_WARN_BLOCK_CAPTURE_AUTORELEASING = YES;
				CLANG_WARN_BOOL_CONVERSION = YES;
				CLANG_WARN_COMMA = YES;
				CLANG_WARN_CONSTANT_CONVERSION = YES;
				CLANG_WARN_DEPRECATED_OBJC_IMPLEMENTATIONS = YES;
				CLANG_WARN_DIRECT_OBJC_ISA_USAGE = YES_ERROR;
				CLANG_WARN_DOCUMENTATION_COMMENTS = YES;
				CLANG_WARN_EMPTY_BODY = YES;
				CLANG_WARN_ENUM_CONVERSION = YES;
				CLANG_WARN_INFINITE_RECURSION = YES;
				CLANG_WARN_INT_CONVERSION = YES;
				CLANG_WARN_NON_LITERAL_NULL_CONVERSION = YES;
				CLANG_WARN_OBJC_IMPLICIT_RETAIN_SELF = YES;
				CLANG_WARN_OBJC_LITERAL_CONVERSION = YES;
				CLANG_WARN_OBJC_ROOT_CLASS = YES_ERROR;
				CLANG_WARN_RANGE_LOOP_ANALYSIS = YES;
				CLANG_WARN_STRICT_PROTOTYPES = YES;
				CLANG_WARN_SUSPICIOUS_MOVE = YES;
				CLANG_WARN_UNGUARDED_AVAILABILITY = YES_AGGRESSIVE;
				CLANG_WARN_UNREACHABLE_CODE = YES;
				CLANG_WARN__DUPLICATE_METHOD_MATCH = YES;
				CODE_SIGN_IDENTITY = "iPhone Developer";
				COPY_PHASE_STRIP = NO;
				DEBUG_INFORMATION_FORMAT = dwarf;
				ENABLE_STRICT_OBJC_MSGSEND = YES;
				ENABLE_TESTABILITY = YES;
				GCC_C_LANGUAGE_STANDARD = gnu11;
				GCC_DYNAMIC_NO_PIC = NO;
				GCC_NO_COMMON_BLOCKS = YES;
				GCC_OPTIMIZATION_LEVEL = 0;
				GCC_PREPROCESSOR_DEFINITIONS = (
					"DEBUG=1",
					"$(inherited)",
				);
				GCC_WARN_64_TO_32_BIT_CONVERSION = YES;
				GCC_WARN_ABOUT_RETURN_TYPE = YES_ERROR;
				GCC_WARN_UNDECLARED_SELECTOR = YES;
				GCC_WARN_UNINITIALIZED_AUTOS = YES_AGGRESSIVE;
				GCC_WARN_UNUSED_FUNCTION = YES;
				GCC_WARN_UNUSED_VARIABLE = YES;
				IPHONEOS_DEPLOYMENT_TARGET = 12.2;
				MTL_ENABLE_DEBUG_INFO = INCLUDE_SOURCE;
				MTL_FAST_MATH = YES;
				ONLY_ACTIVE_ARCH = YES;
				SDKROOT = iphoneos;
				SWIFT_ACTIVE_COMPILATION_CONDITIONS = DEBUG;
				SWIFT_OPTIMIZATION_LEVEL = "-Onone";
			};
			name = Debug;
		};
		33EA48F422CB4374001AD43C /* Release */ = {
			isa = XCBuildConfiguration;
			buildSettings = {
				ALWAYS_SEARCH_USER_PATHS = NO;
				CLANG_ANALYZER_NONNULL = YES;
				CLANG_ANALYZER_NUMBER_OBJECT_CONVERSION = YES_AGGRESSIVE;
				CLANG_CXX_LANGUAGE_STANDARD = "gnu++14";
				CLANG_CXX_LIBRARY = "libc++";
				CLANG_ENABLE_MODULES = YES;
				CLANG_ENABLE_OBJC_ARC = YES;
				CLANG_ENABLE_OBJC_WEAK = YES;
				CLANG_WARN_BLOCK_CAPTURE_AUTORELEASING = YES;
				CLANG_WARN_BOOL_CONVERSION = YES;
				CLANG_WARN_COMMA = YES;
				CLANG_WARN_CONSTANT_CONVERSION = YES;
				CLANG_WARN_DEPRECATED_OBJC_IMPLEMENTATIONS = YES;
				CLANG_WARN_DIRECT_OBJC_ISA_USAGE = YES_ERROR;
				CLANG_WARN_DOCUMENTATION_COMMENTS = YES;
				CLANG_WARN_EMPTY_BODY = YES;
				CLANG_WARN_ENUM_CONVERSION = YES;
				CLANG_WARN_INFINITE_RECURSION = YES;
				CLANG_WARN_INT_CONVERSION = YES;
				CLANG_WARN_NON_LITERAL_NULL_CONVERSION = YES;
				CLANG_WARN_OBJC_IMPLICIT_RETAIN_SELF = YES;
				CLANG_WARN_OBJC_LITERAL_CONVERSION = YES;
				CLANG_WARN_OBJC_ROOT_CLASS = YES_ERROR;
				CLANG_WARN_RANGE_LOOP_ANALYSIS = YES;
				CLANG_WARN_STRICT_PROTOTYPES = YES;
				CLANG_WARN_SUSPICIOUS_MOVE = YES;
				CLANG_WARN_UNGUARDED_AVAILABILITY = YES_AGGRESSIVE;
				CLANG_WARN_UNREACHABLE_CODE = YES;
				CLANG_WARN__DUPLICATE_METHOD_MATCH = YES;
				CODE_SIGN_IDENTITY = "iPhone Developer";
				COPY_PHASE_STRIP = NO;
				DEBUG_INFORMATION_FORMAT = "dwarf-with-dsym";
				ENABLE_NS_ASSERTIONS = NO;
				ENABLE_STRICT_OBJC_MSGSEND = YES;
				GCC_C_LANGUAGE_STANDARD = gnu11;
				GCC_NO_COMMON_BLOCKS = YES;
				GCC_WARN_64_TO_32_BIT_CONVERSION = YES;
				GCC_WARN_ABOUT_RETURN_TYPE = YES_ERROR;
				GCC_WARN_UNDECLARED_SELECTOR = YES;
				GCC_WARN_UNINITIALIZED_AUTOS = YES_AGGRESSIVE;
				GCC_WARN_UNUSED_FUNCTION = YES;
				GCC_WARN_UNUSED_VARIABLE = YES;
				IPHONEOS_DEPLOYMENT_TARGET = 12.2;
				MTL_ENABLE_DEBUG_INFO = NO;
				MTL_FAST_MATH = YES;
				SDKROOT = iphoneos;
				SWIFT_COMPILATION_MODE = wholemodule;
				SWIFT_OPTIMIZATION_LEVEL = "-O";
				VALIDATE_PRODUCT = YES;
			};
			name = Release;
		};
		33EA48F622CB4374001AD43C /* Debug */ = {
			isa = XCBuildConfiguration;
			buildSettings = {
				ASSETCATALOG_COMPILER_APPICON_NAME = AppIcon;
				CODE_SIGN_STYLE = Automatic;
				DEVELOPMENT_TEAM = FJBQZME6ZC;
				INFOPLIST_FILE = "Camera Tracker Recorder/Info.plist";
				LD_RUNPATH_SEARCH_PATHS = (
					"$(inherited)",
					"@executable_path/Frameworks",
				);
				PRODUCT_BUNDLE_IDENTIFIER = com.mlevesque.CameraTrackerRecorder;
				PRODUCT_NAME = "Cam Track Rec";
				SWIFT_VERSION = 5.0;
				TARGETED_DEVICE_FAMILY = "1,2";
			};
			name = Debug;
		};
		33EA48F722CB4374001AD43C /* Release */ = {
			isa = XCBuildConfiguration;
			buildSettings = {
				ASSETCATALOG_COMPILER_APPICON_NAME = AppIcon;
				CODE_SIGN_STYLE = Automatic;
				DEVELOPMENT_TEAM = FJBQZME6ZC;
				INFOPLIST_FILE = "Camera Tracker Recorder/Info.plist";
				LD_RUNPATH_SEARCH_PATHS = (
					"$(inherited)",
					"@executable_path/Frameworks",
				);
				PRODUCT_BUNDLE_IDENTIFIER = com.mlevesque.CameraTrackerRecorder;
				PRODUCT_NAME = "Cam Track Rec";
				SWIFT_VERSION = 5.0;
				TARGETED_DEVICE_FAMILY = "1,2";
			};
			name = Release;
		};
		33EA48F922CB4374001AD43C /* Debug */ = {
			isa = XCBuildConfiguration;
			buildSettings = {
				ALWAYS_EMBED_SWIFT_STANDARD_LIBRARIES = YES;
				BUNDLE_LOADER = "$(TEST_HOST)";
				CODE_SIGN_STYLE = Automatic;
				DEVELOPMENT_TEAM = FJBQZME6ZC;
				INFOPLIST_FILE = "Camera Tracker RecorderTests/Info.plist";
				LD_RUNPATH_SEARCH_PATHS = (
					"$(inherited)",
					"@executable_path/Frameworks",
					"@loader_path/Frameworks",
				);
				PRODUCT_BUNDLE_IDENTIFIER = "com.mlevesque.Camera-Tracker-RecorderTests";
				PRODUCT_NAME = "$(TARGET_NAME)";
				SWIFT_VERSION = 5.0;
				TARGETED_DEVICE_FAMILY = "1,2";
				TEST_HOST = "$(BUILT_PRODUCTS_DIR)/Cam Track Rec.app/Cam Track Rec";
			};
			name = Debug;
		};
		33EA48FA22CB4374001AD43C /* Release */ = {
			isa = XCBuildConfiguration;
			buildSettings = {
				ALWAYS_EMBED_SWIFT_STANDARD_LIBRARIES = YES;
				BUNDLE_LOADER = "$(TEST_HOST)";
				CODE_SIGN_STYLE = Automatic;
				DEVELOPMENT_TEAM = FJBQZME6ZC;
				INFOPLIST_FILE = "Camera Tracker RecorderTests/Info.plist";
				LD_RUNPATH_SEARCH_PATHS = (
					"$(inherited)",
					"@executable_path/Frameworks",
					"@loader_path/Frameworks",
				);
				PRODUCT_BUNDLE_IDENTIFIER = "com.mlevesque.Camera-Tracker-RecorderTests";
				PRODUCT_NAME = "$(TARGET_NAME)";
				SWIFT_VERSION = 5.0;
				TARGETED_DEVICE_FAMILY = "1,2";
				TEST_HOST = "$(BUILT_PRODUCTS_DIR)/Cam Track Rec.app/Cam Track Rec";
			};
			name = Release;
		};
		33EA48FC22CB4374001AD43C /* Debug */ = {
			isa = XCBuildConfiguration;
			buildSettings = {
				ALWAYS_EMBED_SWIFT_STANDARD_LIBRARIES = YES;
				CODE_SIGN_STYLE = Automatic;
				DEVELOPMENT_TEAM = FJBQZME6ZC;
				INFOPLIST_FILE = "Camera Tracker RecorderUITests/Info.plist";
				LD_RUNPATH_SEARCH_PATHS = (
					"$(inherited)",
					"@executable_path/Frameworks",
					"@loader_path/Frameworks",
				);
				PRODUCT_BUNDLE_IDENTIFIER = "com.mlevesque.Camera-Tracker-RecorderUITests";
				PRODUCT_NAME = "$(TARGET_NAME)";
				SWIFT_VERSION = 5.0;
				TARGETED_DEVICE_FAMILY = "1,2";
				TEST_TARGET_NAME = "Camera Tracker Recorder";
			};
			name = Debug;
		};
		33EA48FD22CB4374001AD43C /* Release */ = {
			isa = XCBuildConfiguration;
			buildSettings = {
				ALWAYS_EMBED_SWIFT_STANDARD_LIBRARIES = YES;
				CODE_SIGN_STYLE = Automatic;
				DEVELOPMENT_TEAM = FJBQZME6ZC;
				INFOPLIST_FILE = "Camera Tracker RecorderUITests/Info.plist";
				LD_RUNPATH_SEARCH_PATHS = (
					"$(inherited)",
					"@executable_path/Frameworks",
					"@loader_path/Frameworks",
				);
				PRODUCT_BUNDLE_IDENTIFIER = "com.mlevesque.Camera-Tracker-RecorderUITests";
				PRODUCT_NAME = "$(TARGET_NAME)";
				SWIFT_VERSION = 5.0;
				TARGETED_DEVICE_FAMILY = "1,2";
				TEST_TARGET_NAME = "Camera Tracker Recorder";
			};
			name = Release;
		};
/* End XCBuildConfiguration section */

/* Begin XCConfigurationList section */
		33EA48C622CB4372001AD43C /* Build configuration list for PBXProject "Camera Tracker Recorder" */ = {
			isa = XCConfigurationList;
			buildConfigurations = (
				33EA48F322CB4374001AD43C /* Debug */,
				33EA48F422CB4374001AD43C /* Release */,
			);
			defaultConfigurationIsVisible = 0;
			defaultConfigurationName = Release;
		};
		33EA48F522CB4374001AD43C /* Build configuration list for PBXNativeTarget "Camera Tracker Recorder" */ = {
			isa = XCConfigurationList;
			buildConfigurations = (
				33EA48F622CB4374001AD43C /* Debug */,
				33EA48F722CB4374001AD43C /* Release */,
			);
			defaultConfigurationIsVisible = 0;
			defaultConfigurationName = Release;
		};
		33EA48F822CB4374001AD43C /* Build configuration list for PBXNativeTarget "Camera Tracker RecorderTests" */ = {
			isa = XCConfigurationList;
			buildConfigurations = (
				33EA48F922CB4374001AD43C /* Debug */,
				33EA48FA22CB4374001AD43C /* Release */,
			);
			defaultConfigurationIsVisible = 0;
			defaultConfigurationName = Release;
		};
		33EA48FB22CB4374001AD43C /* Build configuration list for PBXNativeTarget "Camera Tracker RecorderUITests" */ = {
			isa = XCConfigurationList;
			buildConfigurations = (
				33EA48FC22CB4374001AD43C /* Debug */,
				33EA48FD22CB4374001AD43C /* Release */,
			);
			defaultConfigurationIsVisible = 0;
			defaultConfigurationName = Release;
		};
/* End XCConfigurationList section */
	};
	rootObject = 33EA48C322CB4372001AD43C /* Project object */;
}
